
Microsoft Visual Studio Solution File, Format Version 11.00
# Visual Studio 2010
Project("{8BC9CEB8-8B4A-11D0-8D11-00A0C91BC942}") = "chapter04_simple_dictionary", "chapter04_simple_dictionary\chapter04_simple_dictionary.vcxproj", "{234987C4-298F-46CF-8A52-0A4CF3F13E2B}"
EndProject
Global
	GlobalSection(SolutionConfigurationPlatforms) = preSolution
		Debug|Win32 = Debug|Win32
		Release|Win32 = Release|Win32
	EndGlobalSection
	GlobalSection(ProjectConfigurationPlatforms) = postSolution
		{234987C4-298F-46CF-8A52-0A4CF3F13E2B}.Debug|Win32.ActiveCfg = Debug|Win32
		{234987C4-298F-46CF-8A52-0A4CF3F13E2B}.Debug|Win32.Build.0 = Debug|Win32
		{234987C4-298F-46CF-8A52-0A4CF3F13E2B}.Release|Win32.ActiveCfg = Release|Win32
		{234987C4-298F-46CF-8A52-0A4CF3F13E2B}.Release|Win32.Build.0 = Release|Win32
	EndGlobalSection
	GlobalSection(SolutionProperties) = preSolution
		HideSolutionNode = FALSE
	EndGlobalSection
EndGlobal
