
Microsoft Visual Studio Solution File, Format Version 11.00
# Visual Studio 2010
Project("{8BC9CEB8-8B4A-11D0-8D11-00A0C91BC942}") = "chapter04_07_calculator_STRAUSTRUP", "chapter04_07_calculator_STRAUSTRUP\chapter04_07_calculator_STRAUSTRUP.vcxproj", "{71BEF725-43AB-49FF-8EFC-44957E7CF584}"
EndProject
Global
	GlobalSection(SolutionConfigurationPlatforms) = preSolution
		Debug|Win32 = Debug|Win32
		Release|Win32 = Release|Win32
	EndGlobalSection
	GlobalSection(ProjectConfigurationPlatforms) = postSolution
		{71BEF725-43AB-49FF-8EFC-44957E7CF584}.Debug|Win32.ActiveCfg = Debug|Win32
		{71BEF725-43AB-49FF-8EFC-44957E7CF584}.Debug|Win32.Build.0 = Debug|Win32
		{71BEF725-43AB-49FF-8EFC-44957E7CF584}.Release|Win32.ActiveCfg = Release|Win32
		{71BEF725-43AB-49FF-8EFC-44957E7CF584}.Release|Win32.Build.0 = Release|Win32
	EndGlobalSection
	GlobalSection(SolutionProperties) = preSolution
		HideSolutionNode = FALSE
	EndGlobalSection
EndGlobal
