
Microsoft Visual Studio Solution File, Format Version 11.00
# Visual Studio 2010
Project("{8BC9CEB8-8B4A-11D0-8D11-00A0C91BC942}") = "chapter04_try_this_euro_conversion", "chapter04_try_this_euro_conversion\chapter04_try_this_euro_conversion.vcxproj", "{6F8273E7-168A-4D68-B3C5-CF057478DD4D}"
EndProject
Global
	GlobalSection(SolutionConfigurationPlatforms) = preSolution
		Debug|Win32 = Debug|Win32
		Release|Win32 = Release|Win32
	EndGlobalSection
	GlobalSection(ProjectConfigurationPlatforms) = postSolution
		{6F8273E7-168A-4D68-B3C5-CF057478DD4D}.Debug|Win32.ActiveCfg = Debug|Win32
		{6F8273E7-168A-4D68-B3C5-CF057478DD4D}.Debug|Win32.Build.0 = Debug|Win32
		{6F8273E7-168A-4D68-B3C5-CF057478DD4D}.Release|Win32.ActiveCfg = Release|Win32
		{6F8273E7-168A-4D68-B3C5-CF057478DD4D}.Release|Win32.Build.0 = Release|Win32
	EndGlobalSection
	GlobalSection(SolutionProperties) = preSolution
		HideSolutionNode = FALSE
	EndGlobalSection
EndGlobal
