
Microsoft Visual Studio Solution File, Format Version 11.00
# Visual Studio 2010
Project("{8BC9CEB8-8B4A-11D0-8D11-00A0C91BC942}") = "chapter03_07_sort_three_string_variables", "chapter03_07_sort_three_string_variables\chapter03_07_sort_three_string_variables.vcxproj", "{D93DE91F-2051-4371-8BA8-B33368A14577}"
EndProject
Project("{8BC9CEB8-8B4A-11D0-8D11-00A0C91BC942}") = "test", "test\test.vcxproj", "{719618E1-5578-4F58-A964-3B8AAB263C1A}"
EndProject
Global
	GlobalSection(SolutionConfigurationPlatforms) = preSolution
		Debug|Win32 = Debug|Win32
		Release|Win32 = Release|Win32
	EndGlobalSection
	GlobalSection(ProjectConfigurationPlatforms) = postSolution
		{D93DE91F-2051-4371-8BA8-B33368A14577}.Debug|Win32.ActiveCfg = Debug|Win32
		{D93DE91F-2051-4371-8BA8-B33368A14577}.Debug|Win32.Build.0 = Debug|Win32
		{D93DE91F-2051-4371-8BA8-B33368A14577}.Release|Win32.ActiveCfg = Release|Win32
		{D93DE91F-2051-4371-8BA8-B33368A14577}.Release|Win32.Build.0 = Release|Win32
		{719618E1-5578-4F58-A964-3B8AAB263C1A}.Debug|Win32.ActiveCfg = Debug|Win32
		{719618E1-5578-4F58-A964-3B8AAB263C1A}.Debug|Win32.Build.0 = Debug|Win32
		{719618E1-5578-4F58-A964-3B8AAB263C1A}.Release|Win32.ActiveCfg = Release|Win32
		{719618E1-5578-4F58-A964-3B8AAB263C1A}.Release|Win32.Build.0 = Release|Win32
	EndGlobalSection
	GlobalSection(SolutionProperties) = preSolution
		HideSolutionNode = FALSE
	EndGlobalSection
EndGlobal
