
Microsoft Visual Studio Solution File, Format Version 11.00
# Visual Studio 2010
Project("{8BC9CEB8-8B4A-11D0-8D11-00A0C91BC942}") = "chapter03_exercise operators", "chapter03_exercise operators\chapter03_exercise operators.vcxproj", "{1CD39815-F8D4-4360-A449-EA7FA5DA48E8}"
EndProject
Global
	GlobalSection(SolutionConfigurationPlatforms) = preSolution
		Debug|Win32 = Debug|Win32
		Release|Win32 = Release|Win32
	EndGlobalSection
	GlobalSection(ProjectConfigurationPlatforms) = postSolution
		{1CD39815-F8D4-4360-A449-EA7FA5DA48E8}.Debug|Win32.ActiveCfg = Debug|Win32
		{1CD39815-F8D4-4360-A449-EA7FA5DA48E8}.Debug|Win32.Build.0 = Debug|Win32
		{1CD39815-F8D4-4360-A449-EA7FA5DA48E8}.Release|Win32.ActiveCfg = Release|Win32
		{1CD39815-F8D4-4360-A449-EA7FA5DA48E8}.Release|Win32.Build.0 = Release|Win32
	EndGlobalSection
	GlobalSection(SolutionProperties) = preSolution
		HideSolutionNode = FALSE
	EndGlobalSection
EndGlobal
