
Microsoft Visual Studio Solution File, Format Version 11.00
# Visual Studio 2010
Project("{8BC9CEB8-8B4A-11D0-8D11-00A0C91BC942}") = "chapter04_17_min_max_mode_strings", "chapter04_17_min_max_mode_strings\chapter04_17_min_max_mode_strings.vcxproj", "{5D5FF938-1403-4897-9ECC-57E5C4469698}"
EndProject
Global
	GlobalSection(SolutionConfigurationPlatforms) = preSolution
		Debug|Win32 = Debug|Win32
		Release|Win32 = Release|Win32
	EndGlobalSection
	GlobalSection(ProjectConfigurationPlatforms) = postSolution
		{5D5FF938-1403-4897-9ECC-57E5C4469698}.Debug|Win32.ActiveCfg = Debug|Win32
		{5D5FF938-1403-4897-9ECC-57E5C4469698}.Debug|Win32.Build.0 = Debug|Win32
		{5D5FF938-1403-4897-9ECC-57E5C4469698}.Release|Win32.ActiveCfg = Release|Win32
		{5D5FF938-1403-4897-9ECC-57E5C4469698}.Release|Win32.Build.0 = Release|Win32
	EndGlobalSection
	GlobalSection(SolutionProperties) = preSolution
		HideSolutionNode = FALSE
	EndGlobalSection
EndGlobal
