
Microsoft Visual Studio Solution File, Format Version 11.00
# Visual Studio 2010
Project("{8BC9CEB8-8B4A-11D0-8D11-00A0C91BC942}") = "chapter03_11_pennies_to_dollars", "chapter03_11_pennies_to_dollars\chapter03_11_pennies_to_dollars.vcxproj", "{9D547E15-5CC0-4727-9133-9CAD02FD5454}"
EndProject
Global
	GlobalSection(SolutionConfigurationPlatforms) = preSolution
		Debug|Win32 = Debug|Win32
		Release|Win32 = Release|Win32
	EndGlobalSection
	GlobalSection(ProjectConfigurationPlatforms) = postSolution
		{9D547E15-5CC0-4727-9133-9CAD02FD5454}.Debug|Win32.ActiveCfg = Debug|Win32
		{9D547E15-5CC0-4727-9133-9CAD02FD5454}.Debug|Win32.Build.0 = Debug|Win32
		{9D547E15-5CC0-4727-9133-9CAD02FD5454}.Release|Win32.ActiveCfg = Release|Win32
		{9D547E15-5CC0-4727-9133-9CAD02FD5454}.Release|Win32.Build.0 = Release|Win32
	EndGlobalSection
	GlobalSection(SolutionProperties) = preSolution
		HideSolutionNode = FALSE
	EndGlobalSection
EndGlobal
