
Microsoft Visual Studio Solution File, Format Version 11.00
# Visual Studio 2010
Project("{8BC9CEB8-8B4A-11D0-8D11-00A0C91BC942}") = "chapter04_03_guessing game", "chapter04_03_guessing game\chapter04_03_guessing game.vcxproj", "{BB899D25-F1EF-47B0-AA3B-EBC25ABBFF5C}"
EndProject
Global
	GlobalSection(SolutionConfigurationPlatforms) = preSolution
		Debug|Win32 = Debug|Win32
		Release|Win32 = Release|Win32
	EndGlobalSection
	GlobalSection(ProjectConfigurationPlatforms) = postSolution
		{BB899D25-F1EF-47B0-AA3B-EBC25ABBFF5C}.Debug|Win32.ActiveCfg = Debug|Win32
		{BB899D25-F1EF-47B0-AA3B-EBC25ABBFF5C}.Debug|Win32.Build.0 = Debug|Win32
		{BB899D25-F1EF-47B0-AA3B-EBC25ABBFF5C}.Release|Win32.ActiveCfg = Release|Win32
		{BB899D25-F1EF-47B0-AA3B-EBC25ABBFF5C}.Release|Win32.Build.0 = Release|Win32
	EndGlobalSection
	GlobalSection(SolutionProperties) = preSolution
		HideSolutionNode = FALSE
	EndGlobalSection
EndGlobal
