
Microsoft Visual Studio Solution File, Format Version 11.00
# Visual Studio 2010
Project("{8BC9CEB8-8B4A-11D0-8D11-00A0C91BC942}") = "chapter04_try_this_BLEEP", "chapter04_try_this_BLEEP\chapter04_try_this_BLEEP.vcxproj", "{13A80989-0074-4EDB-ACC8-CD9CAFE8A7E7}"
EndProject
Global
	GlobalSection(SolutionConfigurationPlatforms) = preSolution
		Debug|Win32 = Debug|Win32
		Release|Win32 = Release|Win32
	EndGlobalSection
	GlobalSection(ProjectConfigurationPlatforms) = postSolution
		{13A80989-0074-4EDB-ACC8-CD9CAFE8A7E7}.Debug|Win32.ActiveCfg = Debug|Win32
		{13A80989-0074-4EDB-ACC8-CD9CAFE8A7E7}.Debug|Win32.Build.0 = Debug|Win32
		{13A80989-0074-4EDB-ACC8-CD9CAFE8A7E7}.Release|Win32.ActiveCfg = Release|Win32
		{13A80989-0074-4EDB-ACC8-CD9CAFE8A7E7}.Release|Win32.Build.0 = Release|Win32
	EndGlobalSection
	GlobalSection(SolutionProperties) = preSolution
		HideSolutionNode = FALSE
	EndGlobalSection
EndGlobal
