
Microsoft Visual Studio Solution File, Format Version 11.00
# Visual Studio 2010
Project("{8BC9CEB8-8B4A-11D0-8D11-00A0C91BC942}") = "chapter04_vector_declaration", "chapter04_vector_declaration\chapter04_vector_declaration.vcxproj", "{0F898421-C295-4CE1-A1CC-EC41009B0DE1}"
EndProject
Global
	GlobalSection(SolutionConfigurationPlatforms) = preSolution
		Debug|Win32 = Debug|Win32
		Release|Win32 = Release|Win32
	EndGlobalSection
	GlobalSection(ProjectConfigurationPlatforms) = postSolution
		{0F898421-C295-4CE1-A1CC-EC41009B0DE1}.Debug|Win32.ActiveCfg = Debug|Win32
		{0F898421-C295-4CE1-A1CC-EC41009B0DE1}.Debug|Win32.Build.0 = Debug|Win32
		{0F898421-C295-4CE1-A1CC-EC41009B0DE1}.Release|Win32.ActiveCfg = Release|Win32
		{0F898421-C295-4CE1-A1CC-EC41009B0DE1}.Release|Win32.Build.0 = Release|Win32
	EndGlobalSection
	GlobalSection(SolutionProperties) = preSolution
		HideSolutionNode = FALSE
	EndGlobalSection
EndGlobal
